// !$*UTF8*$!
{
	archiveVersion = 1;
	classes = {
	};
	objectVersion = 56;
	objects = {

/* Begin PBXBuildFile section */
		BD5BC8E12C066E3300C61913 /* AppDelegate.swift in Sources */ = {isa = PBXBuildFile; fileRef = BD5BC8E02C066E3300C61913 /* AppDelegate.swift */; };
		BD5BC8E32C066E3300C61913 /* SceneDelegate.swift in Sources */ = {isa = PBXBuildFile; fileRef = BD5BC8E22C066E3300C61913 /* SceneDelegate.swift */; };
		BD5BC8E52C066E3300C61913 /* ViewController.swift in Sources */ = {isa = PBXBuildFile; fileRef = BD5BC8E42C066E3300C61913 /* ViewController.swift */; };
		BD5BC8E82C066E3300C61913 /* Base in Resources */ = {isa = PBXBuildFile; fileRef = BD5BC8E72C066E3300C61913 /* Base */; };
		BD5BC8EA2C066E3500C61913 /* Assets.xcassets in Resources */ = {isa = PBXBuildFile; fileRef = BD5BC8E92C066E3500C61913 /* Assets.xcassets */; };
		BD5BC8ED2C066E3500C61913 /* Base in Resources */ = {isa = PBXBuildFile; fileRef = BD5BC8EC2C066E3500C61913 /* Base */; };
		BD5BC8F82C066E3500C61913 /* Card_Maker_AppTests.swift in Sources */ = {isa = PBXBuildFile; fileRef = BD5BC8F72C066E3500C61913 /* Card_Maker_AppTests.swift */; };
		BD5BC9022C066E3500C61913 /* Card_Maker_AppUITests.swift in Sources */ = {isa = PBXBuildFile; fileRef = BD5BC9012C066E3500C61913 /* Card_Maker_AppUITests.swift */; };
		BD5BC9042C066E3500C61913 /* Card_Maker_AppUITestsLaunchTests.swift in Sources */ = {isa = PBXBuildFile; fileRef = BD5BC9032C066E3500C61913 /* Card_Maker_AppUITestsLaunchTests.swift */; };
/* End PBXBuildFile section */

/* Begin PBXContainerItemProxy section */
		BD5BC8F42C066E3500C61913 /* PBXContainerItemProxy */ = {
			isa = PBXContainerItemProxy;
			containerPortal = BD5BC8D52C066E3300C61913 /* Project object */;
			proxyType = 1;
			remoteGlobalIDString = BD5BC8DC2C066E3300C61913;
			remoteInfo = "Card Maker App";
		};
		BD5BC8FE2C066E3500C61913 /* PBXContainerItemProxy */ = {
			isa = PBXContainerItemProxy;
			containerPortal = BD5BC8D52C066E3300C61913 /* Project object */;
			proxyType = 1;
			remoteGlobalIDString = BD5BC8DC2C066E3300C61913;
			remoteInfo = "Card Maker App";
		};
/* End PBXContainerItemProxy section */

/* Begin PBXFileReference section */
		BD5BC8DD2C066E3300C61913 /* Card Maker App.app */ = {isa = PBXFileReference; explicitFileType = wrapper.application; includeInIndex = 0; path = "Card Maker App.app"; sourceTree = BUILT_PRODUCTS_DIR; };
		BD5BC8E02C066E3300C61913 /* AppDelegate.swift */ = {isa = PBXFileReference; lastKnownFileType = sourcecode.swift; path = AppDelegate.swift; sourceTree = "<group>"; };
		BD5BC8E22C066E3300C61913 /* SceneDelegate.swift */ = {isa = PBXFileReference; lastKnownFileType = sourcecode.swift; path = SceneDelegate.swift; sourceTree = "<group>"; };
		BD5BC8E42C066E3300C61913 /* ViewController.swift */ = {isa = PBXFileReference; lastKnownFileType = sourcecode.swift; path = ViewController.swift; sourceTree = "<group>"; };
		BD5BC8E72C066E3300C61913 /* Base */ = {isa = PBXFileReference; lastKnownFileType = file.storyboard; name = Base; path = Base.lproj/Main.storyboard; sourceTree = "<group>"; };
		BD5BC8E92C066E3500C61913 /* Assets.xcassets */ = {isa = PBXFileReference; lastKnownFileType = folder.assetcatalog; path = Assets.xcassets; sourceTree = "<group>"; };
		BD5BC8EC2C066E3500C61913 /* Base */ = {isa = PBXFileReference; lastKnownFileType = file.storyboard; name = Base; path = Base.lproj/LaunchScreen.storyboard; sourceTree = "<group>"; };
		BD5BC8EE2C066E3500C61913 /* Info.plist */ = {isa = PBXFileReference; lastKnownFileType = text.plist.xml; path = Info.plist; sourceTree = "<group>"; };
		BD5BC8F32C066E3500C61913 /* Card Maker AppTests.xctest */ = {isa = PBXFileReference; explicitFileType = wrapper.cfbundle; includeInIndex = 0; path = "Card Maker AppTests.xctest"; sourceTree = BUILT_PRODUCTS_DIR; };
		BD5BC8F72C066E3500C61913 /* Card_Maker_AppTests.swift */ = {isa = PBXFileReference; lastKnownFileType = sourcecode.swift; path = Card_Maker_AppTests.swift; sourceTree = "<group>"; };
		BD5BC8FD2C066E3500C61913 /* Card Maker AppUITests.xctest */ = {isa = PBXFileReference; explicitFileType = wrapper.cfbundle; includeInIndex = 0; path = "Card Maker AppUITests.xctest"; sourceTree = BUILT_PRODUCTS_DIR; };
		BD5BC9012C066E3500C61913 /* Card_Maker_AppUITests.swift */ = {isa = PBXFileReference; lastKnownFileType = sourcecode.swift; path = Card_Maker_AppUITests.swift; sourceTree = "<group>"; };
		BD5BC9032C066E3500C61913 /* Card_Maker_AppUITestsLaunchTests.swift */ = {isa = PBXFileReference; lastKnownFileType = sourcecode.swift; path = Card_Maker_AppUITestsLaunchTests.swift; sourceTree = "<group>"; };
/* End PBXFileReference section */

/* Begin PBXFrameworksBuildPhase section */
		BD5BC8DA2C066E3300C61913 /* Frameworks */ = {
			isa = PBXFrameworksBuildPhase;
			buildActionMask = 2147483647;
			files = (
			);
			runOnlyForDeploymentPostprocessing = 0;
		};
		BD5BC8F02C066E3500C61913 /* Frameworks */ = {
			isa = PBXFrameworksBuildPhase;
			buildActionMask = 2147483647;
			files = (
			);
			runOnlyForDeploymentPostprocessing = 0;
		};
		BD5BC8FA2C066E3500C61913 /* Frameworks */ = {
			isa = PBXFrameworksBuildPhase;
			buildActionMask = 2147483647;
			files = (
			);
			runOnlyForDeploymentPostprocessing = 0;
		};
/* End PBXFrameworksBuildPhase section */

/* Begin PBXGroup section */
		BD5BC8D42C066E3300C61913 = {
			isa = PBXGroup;
			children = (
				BD5BC8DF2C066E3300C61913 /* Card Maker App */,
				BD5BC8F62C066E3500C61913 /* Card Maker AppTests */,
				BD5BC9002C066E3500C61913 /* Card Maker AppUITests */,
				BD5BC8DE2C066E3300C61913 /* Products */,
			);
			sourceTree = "<group>";
		};
		BD5BC8DE2C066E3300C61913 /* Products */ = {
			isa = PBXGroup;
			children = (
				BD5BC8DD2C066E3300C61913 /* Card Maker App.app */,
				BD5BC8F32C066E3500C61913 /* Card Maker AppTests.xctest */,
				BD5BC8FD2C066E3500C61913 /* Card Maker AppUITests.xctest */,
			);
			name = Products;
			sourceTree = "<group>";
		};
		BD5BC8DF2C066E3300C61913 /* Card Maker App */ = {
			isa = PBXGroup;
			children = (
				BD5BC8E02C066E3300C61913 /* AppDelegate.swift */,
				BD5BC8E22C066E3300C61913 /* SceneDelegate.swift */,
				BD5BC8E42C066E3300C61913 /* ViewController.swift */,
				BD5BC8E62C066E3300C61913 /* Main.storyboard */,
				BD5BC8E92C066E3500C61913 /* Assets.xcassets */,
				BD5BC8EB2C066E3500C61913 /* LaunchScreen.storyboard */,
				BD5BC8EE2C066E3500C61913 /* Info.plist */,
			);
			path = "Card Maker App";
			sourceTree = "<group>";
		};
		BD5BC8F62C066E3500C61913 /* Card Maker AppTests */ = {
			isa = PBXGroup;
			children = (
				BD5BC8F72C066E3500C61913 /* Card_Maker_AppTests.swift */,
			);
			path = "Card Maker AppTests";
			sourceTree = "<group>";
		};
		BD5BC9002C066E3500C61913 /* Card Maker AppUITests */ = {
			isa = PBXGroup;
			children = (
				BD5BC9012C066E3500C61913 /* Card_Maker_AppUITests.swift */,
				BD5BC9032C066E3500C61913 /* Card_Maker_AppUITestsLaunchTests.swift */,
			);
			path = "Card Maker AppUITests";
			sourceTree = "<group>";
		};
/* End PBXGroup section */

/* Begin PBXNativeTarget section */
		BD5BC8DC2C066E3300C61913 /* Card Maker App */ = {
			isa = PBXNativeTarget;
			buildConfigurationList = BD5BC9072C066E3500C61913 /* Build configuration list for PBXNativeTarget "Card Maker App" */;
			buildPhases = (
				BD5BC8D92C066E3300C61913 /* Sources */,
				BD5BC8DA2C066E3300C61913 /* Frameworks */,
				BD5BC8DB2C066E3300C61913 /* Resources */,
			);
			buildRules = (
			);
			dependencies = (
			);
			name = "Card Maker App";
			productName = "Card Maker App";
			productReference = BD5BC8DD2C066E3300C61913 /* Card Maker App.app */;
			productType = "com.apple.product-type.application";
		};
		BD5BC8F22C066E3500C61913 /* Card Maker AppTests */ = {
			isa = PBXNativeTarget;
			buildConfigurationList = BD5BC90A2C066E3500C61913 /* Build configuration list for PBXNativeTarget "Card Maker AppTests" */;
			buildPhases = (
				BD5BC8EF2C066E3500C61913 /* Sources */,
				BD5BC8F02C066E3500C61913 /* Frameworks */,
				BD5BC8F12C066E3500C61913 /* Resources */,
			);
			buildRules = (
			);
			dependencies = (
				BD5BC8F52C066E3500C61913 /* PBXTargetDependency */,
			);
			name = "Card Maker AppTests";
			productName = "Card Maker AppTests";
			productReference = BD5BC8F32C066E3500C61913 /* Card Maker AppTests.xctest */;
			productType = "com.apple.product-type.bundle.unit-test";
		};
		BD5BC8FC2C066E3500C61913 /* Card Maker AppUITests */ = {
			isa = PBXNativeTarget;
			buildConfigurationList = BD5BC90D2C066E3500C61913 /* Build configuration list for PBXNativeTarget "Card Maker AppUITests" */;
			buildPhases = (
				BD5BC8F92C066E3500C61913 /* Sources */,
				BD5BC8FA2C066E3500C61913 /* Frameworks */,
				BD5BC8FB2C066E3500C61913 /* Resources */,
			);
			buildRules = (
			);
			dependencies = (
				BD5BC8FF2C066E3500C61913 /* PBXTargetDependency */,
			);
			name = "Card Maker AppUITests";
			productName = "Card Maker AppUITests";
			productReference = BD5BC8FD2C066E3500C61913 /* Card Maker AppUITests.xctest */;
			productType = "com.apple.product-type.bundle.ui-testing";
		};
/* End PBXNativeTarget section */

/* Begin PBXProject section */
		BD5BC8D52C066E3300C61913 /* Project object */ = {
			isa = PBXProject;
			attributes = {
				BuildIndependentTargetsInParallel = 1;
				LastSwiftUpdateCheck = 1530;
				LastUpgradeCheck = 1530;
				TargetAttributes = {
					BD5BC8DC2C066E3300C61913 = {
						CreatedOnToolsVersion = 15.3;
					};
					BD5BC8F22C066E3500C61913 = {
						CreatedOnToolsVersion = 15.3;
						TestTargetID = BD5BC8DC2C066E3300C61913;
					};
					BD5BC8FC2C066E3500C61913 = {
						CreatedOnToolsVersion = 15.3;
						TestTargetID = BD5BC8DC2C066E3300C61913;
					};
				};
			};
			buildConfigurationList = BD5BC8D82C066E3300C61913 /* Build configuration list for PBXProject "Card Maker App" */;
			compatibilityVersion = "Xcode 14.0";
			developmentRegion = en;
			hasScannedForEncodings = 0;
			knownRegions = (
				en,
				Base,
			);
			mainGroup = BD5BC8D42C066E3300C61913;
			productRefGroup = BD5BC8DE2C066E3300C61913 /* Products */;
			projectDirPath = "";
			projectRoot = "";
			targets = (
				BD5BC8DC2C066E3300C61913 /* Card Maker App */,
				BD5BC8F22C066E3500C61913 /* Card Maker AppTests */,
				BD5BC8FC2C066E3500C61913 /* Card Maker AppUITests */,
			);
		};
/* End PBXProject section */

/* Begin PBXResourcesBuildPhase section */
		BD5BC8DB2C066E3300C61913 /* Resources */ = {
			isa = PBXResourcesBuildPhase;
			buildActionMask = 2147483647;
			files = (
				BD5BC8EA2C066E3500C61913 /* Assets.xcassets in Resources */,
				BD5BC8ED2C066E3500C61913 /* Base in Resources */,
				BD5BC8E82C066E3300C61913 /* Base in Resources */,
			);
			runOnlyForDeploymentPostprocessing = 0;
		};
		BD5BC8F12C066E3500C61913 /* Resources */ = {
			isa = PBXResourcesBuildPhase;
			buildActionMask = 2147483647;
			files = (
			);
			runOnlyForDeploymentPostprocessing = 0;
		};
		BD5BC8FB2C066E3500C61913 /* Resources */ = {
			isa = PBXResourcesBuildPhase;
			buildActionMask = 2147483647;
			files = (
			);
			runOnlyForDeploymentPostprocessing = 0;
		};
/* End PBXResourcesBuildPhase section */

/* Begin PBXSourcesBuildPhase section */
		BD5BC8D92C066E3300C61913 /* Sources */ = {
			isa = PBXSourcesBuildPhase;
			buildActionMask = 2147483647;
			files = (
				BD5BC8E52C066E3300C61913 /* ViewController.swift in Sources */,
				BD5BC8E12C066E3300C61913 /* AppDelegate.swift in Sources */,
				BD5BC8E32C066E3300C61913 /* SceneDelegate.swift in Sources */,
			);
			runOnlyForDeploymentPostprocessing = 0;
		};
		BD5BC8EF2C066E3500C61913 /* Sources */ = {
			isa = PBXSourcesBuildPhase;
			buildActionMask = 2147483647;
			files = (
				BD5BC8F82C066E3500C61913 /* Card_Maker_AppTests.swift in Sources */,
			);
			runOnlyForDeploymentPostprocessing = 0;
		};
		BD5BC8F92C066E3500C61913 /* Sources */ = {
			isa = PBXSourcesBuildPhase;
			buildActionMask = 2147483647;
			files = (
				BD5BC9022C066E3500C61913 /* Card_Maker_AppUITests.swift in Sources */,
				BD5BC9042C066E3500C61913 /* Card_Maker_AppUITestsLaunchTests.swift in Sources */,
			);
			runOnlyForDeploymentPostprocessing = 0;
		};
/* End PBXSourcesBuildPhase section */

/* Begin PBXTargetDependency section */
		BD5BC8F52C066E3500C61913 /* PBXTargetDependency */ = {
			isa = PBXTargetDependency;
			target = BD5BC8DC2C066E3300C61913 /* Card Maker App */;
			targetProxy = BD5BC8F42C066E3500C61913 /* PBXContainerItemProxy */;
		};
		BD5BC8FF2C066E3500C61913 /* PBXTargetDependency */ = {
			isa = PBXTargetDependency;
			target = BD5BC8DC2C066E3300C61913 /* Card Maker App */;
			targetProxy = BD5BC8FE2C066E3500C61913 /* PBXContainerItemProxy */;
		};
/* End PBXTargetDependency section */

/* Begin PBXVariantGroup section */
		BD5BC8E62C066E3300C61913 /* Main.storyboard */ = {
			isa = PBXVariantGroup;
			children = (
				BD5BC8E72C066E3300C61913 /* Base */,
			);
			name = Main.storyboard;
			sourceTree = "<group>";
		};
		BD5BC8EB2C066E3500C61913 /* LaunchScreen.storyboard */ = {
			isa = PBXVariantGroup;
			children = (
				BD5BC8EC2C066E3500C61913 /* Base */,
			);
			name = LaunchScreen.storyboard;
			sourceTree = "<group>";
		};
/* End PBXVariantGroup section */

/* Begin XCBuildConfiguration section */
		BD5BC9052C066E3500C61913 /* Debug */ = {
			isa = XCBuildConfiguration;
			buildSettings = {
				ALWAYS_SEARCH_USER_PATHS = NO;
				ASSETCATALOG_COMPILER_GENERATE_SWIFT_ASSET_SYMBOL_EXTENSIONS = YES;
				CLANG_ANALYZER_NONNULL = YES;
				CLANG_ANALYZER_NUMBER_OBJECT_CONVERSION = YES_AGGRESSIVE;
				CLANG_CXX_LANGUAGE_STANDARD = "gnu++20";
				CLANG_ENABLE_MODULES = YES;
				CLANG_ENABLE_OBJC_ARC = YES;
				CLANG_ENABLE_OBJC_WEAK = YES;
				CLANG_WARN_BLOCK_CAPTURE_AUTORELEASING = YES;
				CLANG_WARN_BOOL_CONVERSION = YES;
				CLANG_WARN_COMMA = YES;
				CLANG_WARN_CONSTANT_CONVERSION = YES;
				CLANG_WARN_DEPRECATED_OBJC_IMPLEMENTATIONS = YES;
				CLANG_WARN_DIRECT_OBJC_ISA_USAGE = YES_ERROR;
				CLANG_WARN_DOCUMENTATION_COMMENTS = YES;
				CLANG_WARN_EMPTY_BODY = YES;
				CLANG_WARN_ENUM_CONVERSION = YES;
				CLANG_WARN_INFINITE_RECURSION = YES;
				CLANG_WARN_INT_CONVERSION = YES;
				CLANG_WARN_NON_LITERAL_NULL_CONVERSION = YES;
				CLANG_WARN_OBJC_IMPLICIT_RETAIN_SELF = YES;
				CLANG_WARN_OBJC_LITERAL_CONVERSION = YES;
				CLANG_WARN_OBJC_ROOT_CLASS = YES_ERROR;
				CLANG_WARN_QUOTED_INCLUDE_IN_FRAMEWORK_HEADER = YES;
				CLANG_WARN_RANGE_LOOP_ANALYSIS = YES;
				CLANG_WARN_STRICT_PROTOTYPES = YES;
				CLANG_WARN_SUSPICIOUS_MOVE = YES;
				CLANG_WARN_UNGUARDED_AVAILABILITY = YES_AGGRESSIVE;
				CLANG_WARN_UNREACHABLE_CODE = YES;
				CLANG_WARN__DUPLICATE_METHOD_MATCH = YES;
				COPY_PHASE_STRIP = NO;
				DEBUG_INFORMATION_FORMAT = dwarf;
				ENABLE_STRICT_OBJC_MSGSEND = YES;
				ENABLE_TESTABILITY = YES;
				ENABLE_USER_SCRIPT_SANDBOXING = YES;
				GCC_C_LANGUAGE_STANDARD = gnu17;
				GCC_DYNAMIC_NO_PIC = NO;
				GCC_NO_COMMON_BLOCKS = YES;
				GCC_OPTIMIZATION_LEVEL = 0;
				GCC_PREPROCESSOR_DEFINITIONS = (
					"DEBUG=1",
					"$(inherited)",
				);
				GCC_WARN_64_TO_32_BIT_CONVERSION = YES;
				GCC_WARN_ABOUT_RETURN_TYPE = YES_ERROR;
				GCC_WARN_UNDECLARED_SELECTOR = YES;
				GCC_WARN_UNINITIALIZED_AUTOS = YES_AGGRESSIVE;
				GCC_WARN_UNUSED_FUNCTION = YES;
				GCC_WARN_UNUSED_VARIABLE = YES;
				IPHONEOS_DEPLOYMENT_TARGET = 17.4;
				LOCALIZATION_PREFERS_STRING_CATALOGS = YES;
				MTL_ENABLE_DEBUG_INFO = INCLUDE_SOURCE;
				MTL_FAST_MATH = YES;
				ONLY_ACTIVE_ARCH = YES;
				SDKROOT = iphoneos;
				SWIFT_ACTIVE_COMPILATION_CONDITIONS = "DEBUG $(inherited)";
				SWIFT_OPTIMIZATION_LEVEL = "-Onone";
			};
			name = Debug;
		};
		BD5BC9062C066E3500C61913 /* Release */ = {
			isa = XCBuildConfiguration;
			buildSettings = {
				ALWAYS_SEARCH_USER_PATHS = NO;
				ASSETCATALOG_COMPILER_GENERATE_SWIFT_ASSET_SYMBOL_EXTENSIONS = YES;
				CLANG_ANALYZER_NONNULL = YES;
				CLANG_ANALYZER_NUMBER_OBJECT_CONVERSION = YES_AGGRESSIVE;
				CLANG_CXX_LANGUAGE_STANDARD = "gnu++20";
				CLANG_ENABLE_MODULES = YES;
				CLANG_ENABLE_OBJC_ARC = YES;
				CLANG_ENABLE_OBJC_WEAK = YES;
				CLANG_WARN_BLOCK_CAPTURE_AUTORELEASING = YES;
				CLANG_WARN_BOOL_CONVERSION = YES;
				CLANG_WARN_COMMA = YES;
				CLANG_WARN_CONSTANT_CONVERSION = YES;
				CLANG_WARN_DEPRECATED_OBJC_IMPLEMENTATIONS = YES;
				CLANG_WARN_DIRECT_OBJC_ISA_USAGE = YES_ERROR;
				CLANG_WARN_DOCUMENTATION_COMMENTS = YES;
				CLANG_WARN_EMPTY_BODY = YES;
				CLANG_WARN_ENUM_CONVERSION = YES;
				CLANG_WARN_INFINITE_RECURSION = YES;
				CLANG_WARN_INT_CONVERSION = YES;
				CLANG_WARN_NON_LITERAL_NULL_CONVERSION = YES;
				CLANG_WARN_OBJC_IMPLICIT_RETAIN_SELF = YES;
				CLANG_WARN_OBJC_LITERAL_CONVERSION = YES;
				CLANG_WARN_OBJC_ROOT_CLASS = YES_ERROR;
				CLANG_WARN_QUOTED_INCLUDE_IN_FRAMEWORK_HEADER = YES;
				CLANG_WARN_RANGE_LOOP_ANALYSIS = YES;
				CLANG_WARN_STRICT_PROTOTYPES = YES;
				CLANG_WARN_SUSPICIOUS_MOVE = YES;
				CLANG_WARN_UNGUARDED_AVAILABILITY = YES_AGGRESSIVE;
				CLANG_WARN_UNREACHABLE_CODE = YES;
				CLANG_WARN__DUPLICATE_METHOD_MATCH = YES;
				COPY_PHASE_STRIP = NO;
				DEBUG_INFORMATION_FORMAT = "dwarf-with-dsym";
				ENABLE_NS_ASSERTIONS = NO;
				ENABLE_STRICT_OBJC_MSGSEND = YES;
				ENABLE_USER_SCRIPT_SANDBOXING = YES;
				GCC_C_LANGUAGE_STANDARD = gnu17;
				GCC_NO_COMMON_BLOCKS = YES;
				GCC_WARN_64_TO_32_BIT_CONVERSION = YES;
				GCC_WARN_ABOUT_RETURN_TYPE = YES_ERROR;
				GCC_WARN_UNDECLARED_SELECTOR = YES;
				GCC_WARN_UNINITIALIZED_AUTOS = YES_AGGRESSIVE;
				GCC_WARN_UNUSED_FUNCTION = YES;
				GCC_WARN_UNUSED_VARIABLE = YES;
				IPHONEOS_DEPLOYMENT_TARGET = 17.4;
				LOCALIZATION_PREFERS_STRING_CATALOGS = YES;
				MTL_ENABLE_DEBUG_INFO = NO;
				MTL_FAST_MATH = YES;
				SDKROOT = iphoneos;
				SWIFT_COMPILATION_MODE = wholemodule;
				VALIDATE_PRODUCT = YES;
			};
			name = Release;
		};
		BD5BC9082C066E3500C61913 /* Debug */ = {
			isa = XCBuildConfiguration;
			buildSettings = {
				ASSETCATALOG_COMPILER_APPICON_NAME = AppIcon;
				ASSETCATALOG_COMPILER_GLOBAL_ACCENT_COLOR_NAME = AccentColor;
				CODE_SIGN_STYLE = Automatic;
				CURRENT_PROJECT_VERSION = 1;
				GENERATE_INFOPLIST_FILE = YES;
				INFOPLIST_FILE = "Card Maker App/Info.plist";
				INFOPLIST_KEY_UIApplicationSupportsIndirectInputEvents = YES;
				INFOPLIST_KEY_UILaunchStoryboardName = LaunchScreen;
				INFOPLIST_KEY_UIMainStoryboardFile = Main;
				INFOPLIST_KEY_UISupportedInterfaceOrientations_iPad = "UIInterfaceOrientationPortrait UIInterfaceOrientationPortraitUpsideDown UIInterfaceOrientationLandscapeLeft UIInterfaceOrientationLandscapeRight";
				INFOPLIST_KEY_UISupportedInterfaceOrientations_iPhone = "UIInterfaceOrientationPortrait UIInterfaceOrientationLandscapeLeft UIInterfaceOrientationLandscapeRight";
				LD_RUNPATH_SEARCH_PATHS = (
					"$(inherited)",
					"@executable_path/Frameworks",
				);
				MARKETING_VERSION = 1.0;
				PRODUCT_BUNDLE_IDENTIFIER = "com.plexustechnology.Card-Maker-App";
				PRODUCT_NAME = "$(TARGET_NAME)";
				SWIFT_EMIT_LOC_STRINGS = YES;
				SWIFT_VERSION = 5.0;
				TARGETED_DEVICE_FAMILY = "1,2";
			};
			name = Debug;
		};
		BD5BC9092C066E3500C61913 /* Release */ = {
			isa = XCBuildConfiguration;
			buildSettings = {
				ASSETCATALOG_COMPILER_APPICON_NAME = AppIcon;
				ASSETCATALOG_COMPILER_GLOBAL_ACCENT_COLOR_NAME = AccentColor;
				CODE_SIGN_STYLE = Automatic;
				CURRENT_PROJECT_VERSION = 1;
				GENERATE_INFOPLIST_FILE = YES;
				INFOPLIST_FILE = "Card Maker App/Info.plist";
				INFOPLIST_KEY_UIApplicationSupportsIndirectInputEvents = YES;
				INFOPLIST_KEY_UILaunchStoryboardName = LaunchScreen;
				INFOPLIST_KEY_UIMainStoryboardFile = Main;
				INFOPLIST_KEY_UISupportedInterfaceOrientations_iPad = "UIInterfaceOrientationPortrait UIInterfaceOrientationPortraitUpsideDown UIInterfaceOrientationLandscapeLeft UIInterfaceOrientationLandscapeRight";
				INFOPLIST_KEY_UISupportedInterfaceOrientations_iPhone = "UIInterfaceOrientationPortrait UIInterfaceOrientationLandscapeLeft UIInterfaceOrientationLandscapeRight";
				LD_RUNPATH_SEARCH_PATHS = (
					"$(inherited)",
					"@executable_path/Frameworks",
				);
				MARKETING_VERSION = 1.0;
				PRODUCT_BUNDLE_IDENTIFIER = "com.plexustechnology.Card-Maker-App";
				PRODUCT_NAME = "$(TARGET_NAME)";
				SWIFT_EMIT_LOC_STRINGS = YES;
				SWIFT_VERSION = 5.0;
				TARGETED_DEVICE_FAMILY = "1,2";
			};
			name = Release;
		};
		BD5BC90B2C066E3500C61913 /* Debug */ = {
			isa = XCBuildConfiguration;
			buildSettings = {
				ALWAYS_EMBED_SWIFT_STANDARD_LIBRARIES = YES;
				BUNDLE_LOADER = "$(TEST_HOST)";
				CODE_SIGN_STYLE = Automatic;
				CURRENT_PROJECT_VERSION = 1;
				GENERATE_INFOPLIST_FILE = YES;
				IPHONEOS_DEPLOYMENT_TARGET = 17.4;
				MARKETING_VERSION = 1.0;
				PRODUCT_BUNDLE_IDENTIFIER = "com.plexustechnology.Card-Maker-AppTests";
				PRODUCT_NAME = "$(TARGET_NAME)";
				SWIFT_EMIT_LOC_STRINGS = NO;
				SWIFT_VERSION = 5.0;
				TARGETED_DEVICE_FAMILY = "1,2";
				TEST_HOST = "$(BUILT_PRODUCTS_DIR)/Card Maker App.app/$(BUNDLE_EXECUTABLE_FOLDER_PATH)/Card Maker App";
			};
			name = Debug;
		};
		BD5BC90C2C066E3500C61913 /* Release */ = {
			isa = XCBuildConfiguration;
			buildSettings = {
				ALWAYS_EMBED_SWIFT_STANDARD_LIBRARIES = YES;
				BUNDLE_LOADER = "$(TEST_HOST)";
				CODE_SIGN_STYLE = Automatic;
				CURRENT_PROJECT_VERSION = 1;
				GENERATE_INFOPLIST_FILE = YES;
				IPHONEOS_DEPLOYMENT_TARGET = 17.4;
				MARKETING_VERSION = 1.0;
				PRODUCT_BUNDLE_IDENTIFIER = "com.plexustechnology.Card-Maker-AppTests";
				PRODUCT_NAME = "$(TARGET_NAME)";
				SWIFT_EMIT_LOC_STRINGS = NO;
				SWIFT_VERSION = 5.0;
				TARGETED_DEVICE_FAMILY = "1,2";
				TEST_HOST = "$(BUILT_PRODUCTS_DIR)/Card Maker App.app/$(BUNDLE_EXECUTABLE_FOLDER_PATH)/Card Maker App";
			};
			name = Release;
		};
		BD5BC90E2C066E3500C61913 /* Debug */ = {
			isa = XCBuildConfiguration;
			buildSettings = {
				ALWAYS_EMBED_SWIFT_STANDARD_LIBRARIES = YES;
				CODE_SIGN_STYLE = Automatic;
				CURRENT_PROJECT_VERSION = 1;
				GENERATE_INFOPLIST_FILE = YES;
				MARKETING_VERSION = 1.0;
				PRODUCT_BUNDLE_IDENTIFIER = "com.plexustechnology.Card-Maker-AppUITests";
				PRODUCT_NAME = "$(TARGET_NAME)";
				SWIFT_EMIT_LOC_STRINGS = NO;
				SWIFT_VERSION = 5.0;
				TARGETED_DEVICE_FAMILY = "1,2";
				TEST_TARGET_NAME = "Card Maker App";
			};
			name = Debug;
		};
		BD5BC90F2C066E3500C61913 /* Release */ = {
			isa = XCBuildConfiguration;
			buildSettings = {
				ALWAYS_EMBED_SWIFT_STANDARD_LIBRARIES = YES;
				CODE_SIGN_STYLE = Automatic;
				CURRENT_PROJECT_VERSION = 1;
				GENERATE_INFOPLIST_FILE = YES;
				MARKETING_VERSION = 1.0;
				PRODUCT_BUNDLE_IDENTIFIER = "com.plexustechnology.Card-Maker-AppUITests";
				PRODUCT_NAME = "$(TARGET_NAME)";
				SWIFT_EMIT_LOC_STRINGS = NO;
				SWIFT_VERSION = 5.0;
				TARGETED_DEVICE_FAMILY = "1,2";
				TEST_TARGET_NAME = "Card Maker App";
			};
			name = Release;
		};
/* End XCBuildConfiguration section */

/* Begin XCConfigurationList section */
		BD5BC8D82C066E3300C61913 /* Build configuration list for PBXProject "Card Maker App" */ = {
			isa = XCConfigurationList;
			buildConfigurations = (
				BD5BC9052C066E3500C61913 /* Debug */,
				BD5BC9062C066E3500C61913 /* Release */,
			);
			defaultConfigurationIsVisible = 0;
			defaultConfigurationName = Release;
		};
		BD5BC9072C066E3500C61913 /* Build configuration list for PBXNativeTarget "Card Maker App" */ = {
			isa = XCConfigurationList;
			buildConfigurations = (
				BD5BC9082C066E3500C61913 /* Debug */,
				BD5BC9092C066E3500C61913 /* Release */,
			);
			defaultConfigurationIsVisible = 0;
			defaultConfigurationName = Release;
		};
		BD5BC90A2C066E3500C61913 /* Build configuration list for PBXNativeTarget "Card Maker AppTests" */ = {
			isa = XCConfigurationList;
			buildConfigurations = (
				BD5BC90B2C066E3500C61913 /* Debug */,
				BD5BC90C2C066E3500C61913 /* Release */,
			);
			defaultConfigurationIsVisible = 0;
			defaultConfigurationName = Release;
		};
		BD5BC90D2C066E3500C61913 /* Build configuration list for PBXNativeTarget "Card Maker AppUITests" */ = {
			isa = XCConfigurationList;
			buildConfigurations = (
				BD5BC90E2C066E3500C61913 /* Debug */,
				BD5BC90F2C066E3500C61913 /* Release */,
			);
			defaultConfigurationIsVisible = 0;
			defaultConfigurationName = Release;
		};
/* End XCConfigurationList section */
	};
	rootObject = BD5BC8D52C066E3300C61913 /* Project object */;
}
